
Microsoft Visual Studio Solution File, Format Version 12.00
# Visual Studio Version 17
VisualStudioVersion = 17.11.35312.102
MinimumVisualStudioVersion = 10.0.40219.1
Project("{FAE04EC0-301F-11D3-BF4B-00C04F79EFBC}") = "PayXpert.Entity", "PayXpert.Entity\PayXpert.Entity.csproj", "{9013EE7A-CBEA-4E86-947C-E94B902A26FE}"
EndProject
Project("{FAE04EC0-301F-11D3-BF4B-00C04F79EFBC}") = "PayXpert.BusinessLayer", "PayXpert.BusinessLayer\PayXpert.BusinessLayer.csproj", "{BD2FC38A-F419-4866-A46B-669E5EC00B9E}"
EndProject
Project("{FAE04EC0-301F-11D3-BF4B-00C04F79EFBC}") = "PayXpert.Util", "PayXpert.Util\PayXpert.Util.csproj", "{6D882F33-42F2-4E11-B4EF-BBAFCD7BE502}"
EndProject
Project("{FAE04EC0-301F-11D3-BF4B-00C04F79EFBC}") = "PayXpertApp.MainModule", "PayXpertApp.MainModule\PayXpertApp.MainModule.csproj", "{B950AFC9-390D-4226-807C-BAEFA59E8CAC}"
EndProject
Project("{FAE04EC0-301F-11D3-BF4B-00C04F79EFBC}") = "PayXpert.Exception", "PayXpert.Exception\PayXpert.Exception.csproj", "{BFEA34FA-B953-455C-B4A9-78D3B19997B3}"
EndProject
Global
	GlobalSection(SolutionConfigurationPlatforms) = preSolution
		Debug|Any CPU = Debug|Any CPU
		Release|Any CPU = Release|Any CPU
	EndGlobalSection
	GlobalSection(ProjectConfigurationPlatforms) = postSolution
		{9013EE7A-CBEA-4E86-947C-E94B902A26FE}.Debug|Any CPU.ActiveCfg = Debug|Any CPU
		{9013EE7A-CBEA-4E86-947C-E94B902A26FE}.Debug|Any CPU.Build.0 = Debug|Any CPU
		{9013EE7A-CBEA-4E86-947C-E94B902A26FE}.Release|Any CPU.ActiveCfg = Release|Any CPU
		{9013EE7A-CBEA-4E86-947C-E94B902A26FE}.Release|Any CPU.Build.0 = Release|Any CPU
		{BD2FC38A-F419-4866-A46B-669E5EC00B9E}.Debug|Any CPU.ActiveCfg = Debug|Any CPU
		{BD2FC38A-F419-4866-A46B-669E5EC00B9E}.Debug|Any CPU.Build.0 = Debug|Any CPU
		{BD2FC38A-F419-4866-A46B-669E5EC00B9E}.Release|Any CPU.ActiveCfg = Release|Any CPU
		{BD2FC38A-F419-4866-A46B-669E5EC00B9E}.Release|Any CPU.Build.0 = Release|Any CPU
		{6D882F33-42F2-4E11-B4EF-BBAFCD7BE502}.Debug|Any CPU.ActiveCfg = Debug|Any CPU
		{6D882F33-42F2-4E11-B4EF-BBAFCD7BE502}.Debug|Any CPU.Build.0 = Debug|Any CPU
		{6D882F33-42F2-4E11-B4EF-BBAFCD7BE502}.Release|Any CPU.ActiveCfg = Release|Any CPU
		{6D882F33-42F2-4E11-B4EF-BBAFCD7BE502}.Release|Any CPU.Build.0 = Release|Any CPU
		{B950AFC9-390D-4226-807C-BAEFA59E8CAC}.Debug|Any CPU.ActiveCfg = Debug|Any CPU
		{B950AFC9-390D-4226-807C-BAEFA59E8CAC}.Debug|Any CPU.Build.0 = Debug|Any CPU
		{B950AFC9-390D-4226-807C-BAEFA59E8CAC}.Release|Any CPU.ActiveCfg = Release|Any CPU
		{B950AFC9-390D-4226-807C-BAEFA59E8CAC}.Release|Any CPU.Build.0 = Release|Any CPU
		{BFEA34FA-B953-455C-B4A9-78D3B19997B3}.Debug|Any CPU.ActiveCfg = Debug|Any CPU
		{BFEA34FA-B953-455C-B4A9-78D3B19997B3}.Debug|Any CPU.Build.0 = Debug|Any CPU
		{BFEA34FA-B953-455C-B4A9-78D3B19997B3}.Release|Any CPU.ActiveCfg = Release|Any CPU
		{BFEA34FA-B953-455C-B4A9-78D3B19997B3}.Release|Any CPU.Build.0 = Release|Any CPU
	EndGlobalSection
	GlobalSection(SolutionProperties) = preSolution
		HideSolutionNode = FALSE
	EndGlobalSection
	GlobalSection(ExtensibilityGlobals) = postSolution
		SolutionGuid = {C24B8C05-14EC-4DF9-A962-8C4966EE7262}
	EndGlobalSection
EndGlobal
